// !$*UTF8*$!
{
	archiveVersion = 1;
	classes = {
	};
	objectVersion = 52;
	objects = {

/* Begin PBXBuildFile section */
		BA038118251BC7A400FE6330 /* Entry.swift in Sources */ = {isa = PBXBuildFile; fileRef = BA038117251BC7A400FE6330 /* Entry.swift */; };
		BA03811D251BD18900FE6330 /* Group.swift in Sources */ = {isa = PBXBuildFile; fileRef = BA03811C251BD18900FE6330 /* Group.swift */; };
		BA0C059E2517B23500F88D41 /* Storage.swift in Sources */ = {isa = PBXBuildFile; fileRef = BA0C059D2517B23500F88D41 /* Storage.swift */; };
		BA0C05A6251A87E500F88D41 /* KeyboardController.swift in Sources */ = {isa = PBXBuildFile; fileRef = BA0C05A5251A87E500F88D41 /* KeyboardController.swift */; };
		BA1EAF5A2515F3BA00133C1E /* AppDelegate.swift in Sources */ = {isa = PBXBuildFile; fileRef = BA1EAF592515F3BA00133C1E /* AppDelegate.swift */; };
		BA1EAF5C2515F3BA00133C1E /* ContentView.swift in Sources */ = {isa = PBXBuildFile; fileRef = BA1EAF5B2515F3BA00133C1E /* ContentView.swift */; };
		BA1EAF5E2515F3BC00133C1E /* Assets.xcassets in Resources */ = {isa = PBXBuildFile; fileRef = BA1EAF5D2515F3BC00133C1E /* Assets.xcassets */; };
		BA1EAF642515F3BC00133C1E /* Main.storyboard in Resources */ = {isa = PBXBuildFile; fileRef = BA1EAF622515F3BC00133C1E /* Main.storyboard */; };
		BA1EAF702515F3BD00133C1E /* pastaaTests.swift in Sources */ = {isa = PBXBuildFile; fileRef = BA1EAF6F2515F3BD00133C1E /* pastaaTests.swift */; };
		BA1EAF7B2515F3BD00133C1E /* pastaaUITests.swift in Sources */ = {isa = PBXBuildFile; fileRef = BA1EAF7A2515F3BD00133C1E /* pastaaUITests.swift */; };
		BA1EAF8A2515F4A700133C1E /* HotKey in Frameworks */ = {isa = PBXBuildFile; productRef = BA1EAF892515F4A700133C1E /* HotKey */; };
		BAE34552251604D20089B404 /* KeyboardInterceptor.swift in Sources */ = {isa = PBXBuildFile; fileRef = BAE34551251604D20089B404 /* KeyboardInterceptor.swift */; };
		BAE3455625161F760089B404 /* ClipboardManager.swift in Sources */ = {isa = PBXBuildFile; fileRef = BAE3455525161F760089B404 /* ClipboardManager.swift */; };
		BAE34558251642B30089B404 /* HistoryRow.swift in Sources */ = {isa = PBXBuildFile; fileRef = BAE34557251642B30089B404 /* HistoryRow.swift */; };
/* End PBXBuildFile section */

/* Begin PBXContainerItemProxy section */
		BA1EAF6C2515F3BD00133C1E /* PBXContainerItemProxy */ = {
			isa = PBXContainerItemProxy;
			containerPortal = BA1EAF4E2515F3BA00133C1E /* Project object */;
			proxyType = 1;
			remoteGlobalIDString = BA1EAF552515F3BA00133C1E;
			remoteInfo = pastaa;
		};
		BA1EAF772515F3BD00133C1E /* PBXContainerItemProxy */ = {
			isa = PBXContainerItemProxy;
			containerPortal = BA1EAF4E2515F3BA00133C1E /* Project object */;
			proxyType = 1;
			remoteGlobalIDString = BA1EAF552515F3BA00133C1E;
			remoteInfo = pastaa;
		};
/* End PBXContainerItemProxy section */

/* Begin PBXFileReference section */
		BA038117251BC7A400FE6330 /* Entry.swift */ = {isa = PBXFileReference; lastKnownFileType = sourcecode.swift; path = Entry.swift; sourceTree = "<group>"; };
		BA03811C251BD18900FE6330 /* Group.swift */ = {isa = PBXFileReference; lastKnownFileType = sourcecode.swift; path = Group.swift; sourceTree = "<group>"; };
		BA0C059D2517B23500F88D41 /* Storage.swift */ = {isa = PBXFileReference; lastKnownFileType = sourcecode.swift; path = Storage.swift; sourceTree = "<group>"; };
		BA0C05A5251A87E500F88D41 /* KeyboardController.swift */ = {isa = PBXFileReference; lastKnownFileType = sourcecode.swift; path = KeyboardController.swift; sourceTree = "<group>"; };
		BA1EAF562515F3BA00133C1E /* pastaa.app */ = {isa = PBXFileReference; explicitFileType = wrapper.application; includeInIndex = 0; path = pastaa.app; sourceTree = BUILT_PRODUCTS_DIR; };
		BA1EAF592515F3BA00133C1E /* AppDelegate.swift */ = {isa = PBXFileReference; lastKnownFileType = sourcecode.swift; path = AppDelegate.swift; sourceTree = "<group>"; };
		BA1EAF5B2515F3BA00133C1E /* ContentView.swift */ = {isa = PBXFileReference; lastKnownFileType = sourcecode.swift; path = ContentView.swift; sourceTree = "<group>"; };
		BA1EAF5D2515F3BC00133C1E /* Assets.xcassets */ = {isa = PBXFileReference; lastKnownFileType = folder.assetcatalog; path = Assets.xcassets; sourceTree = "<group>"; };
		BA1EAF632515F3BC00133C1E /* Base */ = {isa = PBXFileReference; lastKnownFileType = file.storyboard; name = Base; path = Base.lproj/Main.storyboard; sourceTree = "<group>"; };
		BA1EAF652515F3BC00133C1E /* Info.plist */ = {isa = PBXFileReference; lastKnownFileType = text.plist.xml; path = Info.plist; sourceTree = "<group>"; };
		BA1EAF662515F3BC00133C1E /* pastaa.entitlements */ = {isa = PBXFileReference; lastKnownFileType = text.plist.entitlements; path = pastaa.entitlements; sourceTree = "<group>"; };
		BA1EAF6B2515F3BD00133C1E /* pastaaTests.xctest */ = {isa = PBXFileReference; explicitFileType = wrapper.cfbundle; includeInIndex = 0; path = pastaaTests.xctest; sourceTree = BUILT_PRODUCTS_DIR; };
		BA1EAF6F2515F3BD00133C1E /* pastaaTests.swift */ = {isa = PBXFileReference; lastKnownFileType = sourcecode.swift; path = pastaaTests.swift; sourceTree = "<group>"; };
		BA1EAF712515F3BD00133C1E /* Info.plist */ = {isa = PBXFileReference; lastKnownFileType = text.plist.xml; path = Info.plist; sourceTree = "<group>"; };
		BA1EAF762515F3BD00133C1E /* pastaaUITests.xctest */ = {isa = PBXFileReference; explicitFileType = wrapper.cfbundle; includeInIndex = 0; path = pastaaUITests.xctest; sourceTree = BUILT_PRODUCTS_DIR; };
		BA1EAF7A2515F3BD00133C1E /* pastaaUITests.swift */ = {isa = PBXFileReference; lastKnownFileType = sourcecode.swift; path = pastaaUITests.swift; sourceTree = "<group>"; };
		BA1EAF7C2515F3BD00133C1E /* Info.plist */ = {isa = PBXFileReference; lastKnownFileType = text.plist.xml; path = Info.plist; sourceTree = "<group>"; };
		BAE34551251604D20089B404 /* KeyboardInterceptor.swift */ = {isa = PBXFileReference; lastKnownFileType = sourcecode.swift; path = KeyboardInterceptor.swift; sourceTree = "<group>"; };
		BAE3455525161F760089B404 /* ClipboardManager.swift */ = {isa = PBXFileReference; lastKnownFileType = sourcecode.swift; path = ClipboardManager.swift; sourceTree = "<group>"; };
		BAE34557251642B30089B404 /* HistoryRow.swift */ = {isa = PBXFileReference; lastKnownFileType = sourcecode.swift; path = HistoryRow.swift; sourceTree = "<group>"; };
/* End PBXFileReference section */

/* Begin PBXFrameworksBuildPhase section */
		BA1EAF532515F3BA00133C1E /* Frameworks */ = {
			isa = PBXFrameworksBuildPhase;
			buildActionMask = 2147483647;
			files = (
				BA1EAF8A2515F4A700133C1E /* HotKey in Frameworks */,
			);
			runOnlyForDeploymentPostprocessing = 0;
		};
		BA1EAF682515F3BD00133C1E /* Frameworks */ = {
			isa = PBXFrameworksBuildPhase;
			buildActionMask = 2147483647;
			files = (
			);
			runOnlyForDeploymentPostprocessing = 0;
		};
		BA1EAF732515F3BD00133C1E /* Frameworks */ = {
			isa = PBXFrameworksBuildPhase;
			buildActionMask = 2147483647;
			files = (
			);
			runOnlyForDeploymentPostprocessing = 0;
		};
/* End PBXFrameworksBuildPhase section */

/* Begin PBXGroup section */
		BA1EAF4D2515F3BA00133C1E = {
			isa = PBXGroup;
			children = (
				BA1EAF582515F3BA00133C1E /* pastaa */,
				BA1EAF6E2515F3BD00133C1E /* pastaaTests */,
				BA1EAF792515F3BD00133C1E /* pastaaUITests */,
				BA1EAF572515F3BA00133C1E /* Products */,
			);
			sourceTree = "<group>";
		};
		BA1EAF572515F3BA00133C1E /* Products */ = {
			isa = PBXGroup;
			children = (
				BA1EAF562515F3BA00133C1E /* pastaa.app */,
				BA1EAF6B2515F3BD00133C1E /* pastaaTests.xctest */,
				BA1EAF762515F3BD00133C1E /* pastaaUITests.xctest */,
			);
			name = Products;
			sourceTree = "<group>";
		};
		BA1EAF582515F3BA00133C1E /* pastaa */ = {
			isa = PBXGroup;
			children = (
				BA1EAF592515F3BA00133C1E /* AppDelegate.swift */,
				BA1EAF5B2515F3BA00133C1E /* ContentView.swift */,
				BA1EAF5D2515F3BC00133C1E /* Assets.xcassets */,
				BA1EAF622515F3BC00133C1E /* Main.storyboard */,
				BA1EAF652515F3BC00133C1E /* Info.plist */,
				BA1EAF662515F3BC00133C1E /* pastaa.entitlements */,
				BAE34551251604D20089B404 /* KeyboardInterceptor.swift */,
				BAE3455525161F760089B404 /* ClipboardManager.swift */,
				BAE34557251642B30089B404 /* HistoryRow.swift */,
				BA0C059D2517B23500F88D41 /* Storage.swift */,
				BA0C05A5251A87E500F88D41 /* KeyboardController.swift */,
				BA038117251BC7A400FE6330 /* Entry.swift */,
				BA03811C251BD18900FE6330 /* Group.swift */,
			);
			path = pastaa;
			sourceTree = "<group>";
		};
		BA1EAF6E2515F3BD00133C1E /* pastaaTests */ = {
			isa = PBXGroup;
			children = (
				BA1EAF6F2515F3BD00133C1E /* pastaaTests.swift */,
				BA1EAF712515F3BD00133C1E /* Info.plist */,
			);
			path = pastaaTests;
			sourceTree = "<group>";
		};
		BA1EAF792515F3BD00133C1E /* pastaaUITests */ = {
			isa = PBXGroup;
			children = (
				BA1EAF7A2515F3BD00133C1E /* pastaaUITests.swift */,
				BA1EAF7C2515F3BD00133C1E /* Info.plist */,
			);
			path = pastaaUITests;
			sourceTree = "<group>";
		};
/* End PBXGroup section */

/* Begin PBXNativeTarget section */
		BA1EAF552515F3BA00133C1E /* pastaa */ = {
			isa = PBXNativeTarget;
			buildConfigurationList = BA1EAF7F2515F3BD00133C1E /* Build configuration list for PBXNativeTarget "pastaa" */;
			buildPhases = (
				BA1EAF522515F3BA00133C1E /* Sources */,
				BA1EAF532515F3BA00133C1E /* Frameworks */,
				BA1EAF542515F3BA00133C1E /* Resources */,
			);
			buildRules = (
			);
			dependencies = (
			);
			name = pastaa;
			packageProductDependencies = (
				BA1EAF892515F4A700133C1E /* HotKey */,
			);
			productName = pastaa;
			productReference = BA1EAF562515F3BA00133C1E /* pastaa.app */;
			productType = "com.apple.product-type.application";
		};
		BA1EAF6A2515F3BD00133C1E /* pastaaTests */ = {
			isa = PBXNativeTarget;
			buildConfigurationList = BA1EAF822515F3BD00133C1E /* Build configuration list for PBXNativeTarget "pastaaTests" */;
			buildPhases = (
				BA1EAF672515F3BD00133C1E /* Sources */,
				BA1EAF682515F3BD00133C1E /* Frameworks */,
				BA1EAF692515F3BD00133C1E /* Resources */,
			);
			buildRules = (
			);
			dependencies = (
				BA1EAF6D2515F3BD00133C1E /* PBXTargetDependency */,
			);
			name = pastaaTests;
			productName = pastaaTests;
			productReference = BA1EAF6B2515F3BD00133C1E /* pastaaTests.xctest */;
			productType = "com.apple.product-type.bundle.unit-test";
		};
		BA1EAF752515F3BD00133C1E /* pastaaUITests */ = {
			isa = PBXNativeTarget;
			buildConfigurationList = BA1EAF852515F3BD00133C1E /* Build configuration list for PBXNativeTarget "pastaaUITests" */;
			buildPhases = (
				BA1EAF722515F3BD00133C1E /* Sources */,
				BA1EAF732515F3BD00133C1E /* Frameworks */,
				BA1EAF742515F3BD00133C1E /* Resources */,
			);
			buildRules = (
			);
			dependencies = (
				BA1EAF782515F3BD00133C1E /* PBXTargetDependency */,
			);
			name = pastaaUITests;
			productName = pastaaUITests;
			productReference = BA1EAF762515F3BD00133C1E /* pastaaUITests.xctest */;
			productType = "com.apple.product-type.bundle.ui-testing";
		};
/* End PBXNativeTarget section */

/* Begin PBXProject section */
		BA1EAF4E2515F3BA00133C1E /* Project object */ = {
			isa = PBXProject;
			attributes = {
				LastSwiftUpdateCheck = 1170;
				LastUpgradeCheck = 1200;
				ORGANIZATIONNAME = "Kutvonen, Konsta";
				TargetAttributes = {
					BA1EAF552515F3BA00133C1E = {
						CreatedOnToolsVersion = 11.7;
					};
					BA1EAF6A2515F3BD00133C1E = {
						CreatedOnToolsVersion = 11.7;
						TestTargetID = BA1EAF552515F3BA00133C1E;
					};
					BA1EAF752515F3BD00133C1E = {
						CreatedOnToolsVersion = 11.7;
						TestTargetID = BA1EAF552515F3BA00133C1E;
					};
				};
			};
			buildConfigurationList = BA1EAF512515F3BA00133C1E /* Build configuration list for PBXProject "pastaa" */;
			compatibilityVersion = "Xcode 9.3";
			developmentRegion = en;
			hasScannedForEncodings = 0;
			knownRegions = (
				en,
				Base,
			);
			mainGroup = BA1EAF4D2515F3BA00133C1E;
			packageReferences = (
				BA1EAF882515F4A700133C1E /* XCRemoteSwiftPackageReference "HotKey" */,
			);
			productRefGroup = BA1EAF572515F3BA00133C1E /* Products */;
			projectDirPath = "";
			projectRoot = "";
			targets = (
				BA1EAF552515F3BA00133C1E /* pastaa */,
				BA1EAF6A2515F3BD00133C1E /* pastaaTests */,
				BA1EAF752515F3BD00133C1E /* pastaaUITests */,
			);
		};
/* End PBXProject section */

/* Begin PBXResourcesBuildPhase section */
		BA1EAF542515F3BA00133C1E /* Resources */ = {
			isa = PBXResourcesBuildPhase;
			buildActionMask = 2147483647;
			files = (
				BA1EAF642515F3BC00133C1E /* Main.storyboard in Resources */,
				BA1EAF5E2515F3BC00133C1E /* Assets.xcassets in Resources */,
			);
			runOnlyForDeploymentPostprocessing = 0;
		};
		BA1EAF692515F3BD00133C1E /* Resources */ = {
			isa = PBXResourcesBuildPhase;
			buildActionMask = 2147483647;
			files = (
			);
			runOnlyForDeploymentPostprocessing = 0;
		};
		BA1EAF742515F3BD00133C1E /* Resources */ = {
			isa = PBXResourcesBuildPhase;
			buildActionMask = 2147483647;
			files = (
			);
			runOnlyForDeploymentPostprocessing = 0;
		};
/* End PBXResourcesBuildPhase section */

/* Begin PBXSourcesBuildPhase section */
		BA1EAF522515F3BA00133C1E /* Sources */ = {
			isa = PBXSourcesBuildPhase;
			buildActionMask = 2147483647;
			files = (
				BA03811D251BD18900FE6330 /* Group.swift in Sources */,
				BA038118251BC7A400FE6330 /* Entry.swift in Sources */,
				BA0C05A6251A87E500F88D41 /* KeyboardController.swift in Sources */,
				BAE3455625161F760089B404 /* ClipboardManager.swift in Sources */,
				BA0C059E2517B23500F88D41 /* Storage.swift in Sources */,
				BAE34552251604D20089B404 /* KeyboardInterceptor.swift in Sources */,
				BA1EAF5C2515F3BA00133C1E /* ContentView.swift in Sources */,
				BAE34558251642B30089B404 /* HistoryRow.swift in Sources */,
				BA1EAF5A2515F3BA00133C1E /* AppDelegate.swift in Sources */,
			);
			runOnlyForDeploymentPostprocessing = 0;
		};
		BA1EAF672515F3BD00133C1E /* Sources */ = {
			isa = PBXSourcesBuildPhase;
			buildActionMask = 2147483647;
			files = (
				BA1EAF702515F3BD00133C1E /* pastaaTests.swift in Sources */,
			);
			runOnlyForDeploymentPostprocessing = 0;
		};
		BA1EAF722515F3BD00133C1E /* Sources */ = {
			isa = PBXSourcesBuildPhase;
			buildActionMask = 2147483647;
			files = (
				BA1EAF7B2515F3BD00133C1E /* pastaaUITests.swift in Sources */,
			);
			runOnlyForDeploymentPostprocessing = 0;
		};
/* End PBXSourcesBuildPhase section */

/* Begin PBXTargetDependency section */
		BA1EAF6D2515F3BD00133C1E /* PBXTargetDependency */ = {
			isa = PBXTargetDependency;
			target = BA1EAF552515F3BA00133C1E /* pastaa */;
			targetProxy = BA1EAF6C2515F3BD00133C1E /* PBXContainerItemProxy */;
		};
		BA1EAF782515F3BD00133C1E /* PBXTargetDependency */ = {
			isa = PBXTargetDependency;
			target = BA1EAF552515F3BA00133C1E /* pastaa */;
			targetProxy = BA1EAF772515F3BD00133C1E /* PBXContainerItemProxy */;
		};
/* End PBXTargetDependency section */

/* Begin PBXVariantGroup section */
		BA1EAF622515F3BC00133C1E /* Main.storyboard */ = {
			isa = PBXVariantGroup;
			children = (
				BA1EAF632515F3BC00133C1E /* Base */,
			);
			name = Main.storyboard;
			sourceTree = "<group>";
		};
/* End PBXVariantGroup section */

/* Begin XCBuildConfiguration section */
		BA1EAF7D2515F3BD00133C1E /* Debug */ = {
			isa = XCBuildConfiguration;
			buildSettings = {
				ALWAYS_SEARCH_USER_PATHS = NO;
				CLANG_ANALYZER_NONNULL = YES;
				CLANG_ANALYZER_NUMBER_OBJECT_CONVERSION = YES_AGGRESSIVE;
				CLANG_CXX_LANGUAGE_STANDARD = "gnu++14";
				CLANG_CXX_LIBRARY = "libc++";
				CLANG_ENABLE_MODULES = YES;
				CLANG_ENABLE_OBJC_ARC = YES;
				CLANG_ENABLE_OBJC_WEAK = YES;
				CLANG_WARN_BLOCK_CAPTURE_AUTORELEASING = YES;
				CLANG_WARN_BOOL_CONVERSION = YES;
				CLANG_WARN_COMMA = YES;
				CLANG_WARN_CONSTANT_CONVERSION = YES;
				CLANG_WARN_DEPRECATED_OBJC_IMPLEMENTATIONS = YES;
				CLANG_WARN_DIRECT_OBJC_ISA_USAGE = YES_ERROR;
				CLANG_WARN_DOCUMENTATION_COMMENTS = YES;
				CLANG_WARN_EMPTY_BODY = YES;
				CLANG_WARN_ENUM_CONVERSION = YES;
				CLANG_WARN_INFINITE_RECURSION = YES;
				CLANG_WARN_INT_CONVERSION = YES;
				CLANG_WARN_NON_LITERAL_NULL_CONVERSION = YES;
				CLANG_WARN_OBJC_IMPLICIT_RETAIN_SELF = YES;
				CLANG_WARN_OBJC_LITERAL_CONVERSION = YES;
				CLANG_WARN_OBJC_ROOT_CLASS = YES_ERROR;
				CLANG_WARN_QUOTED_INCLUDE_IN_FRAMEWORK_HEADER = YES;
				CLANG_WARN_RANGE_LOOP_ANALYSIS = YES;
				CLANG_WARN_STRICT_PROTOTYPES = YES;
				CLANG_WARN_SUSPICIOUS_MOVE = YES;
				CLANG_WARN_UNGUARDED_AVAILABILITY = YES_AGGRESSIVE;
				CLANG_WARN_UNREACHABLE_CODE = YES;
				CLANG_WARN__DUPLICATE_METHOD_MATCH = YES;
				COPY_PHASE_STRIP = NO;
				DEBUG_INFORMATION_FORMAT = dwarf;
				ENABLE_STRICT_OBJC_MSGSEND = YES;
				ENABLE_TESTABILITY = YES;
				GCC_C_LANGUAGE_STANDARD = gnu11;
				GCC_DYNAMIC_NO_PIC = NO;
				GCC_NO_COMMON_BLOCKS = YES;
				GCC_OPTIMIZATION_LEVEL = 0;
				GCC_PREPROCESSOR_DEFINITIONS = (
					"DEBUG=1",
					"$(inherited)",
				);
				GCC_WARN_64_TO_32_BIT_CONVERSION = YES;
				GCC_WARN_ABOUT_RETURN_TYPE = YES_ERROR;
				GCC_WARN_UNDECLARED_SELECTOR = YES;
				GCC_WARN_UNINITIALIZED_AUTOS = YES_AGGRESSIVE;
				GCC_WARN_UNUSED_FUNCTION = YES;
				GCC_WARN_UNUSED_VARIABLE = YES;
				MACOSX_DEPLOYMENT_TARGET = 10.15;
				MTL_ENABLE_DEBUG_INFO = INCLUDE_SOURCE;
				MTL_FAST_MATH = YES;
				ONLY_ACTIVE_ARCH = YES;
				SDKROOT = macosx;
				SWIFT_ACTIVE_COMPILATION_CONDITIONS = DEBUG;
				SWIFT_OPTIMIZATION_LEVEL = "-Onone";
			};
			name = Debug;
		};
		BA1EAF7E2515F3BD00133C1E /* Release */ = {
			isa = XCBuildConfiguration;
			buildSettings = {
				ALWAYS_SEARCH_USER_PATHS = NO;
				CLANG_ANALYZER_NONNULL = YES;
				CLANG_ANALYZER_NUMBER_OBJECT_CONVERSION = YES_AGGRESSIVE;
				CLANG_CXX_LANGUAGE_STANDARD = "gnu++14";
				CLANG_CXX_LIBRARY = "libc++";
				CLANG_ENABLE_MODULES = YES;
				CLANG_ENABLE_OBJC_ARC = YES;
				CLANG_ENABLE_OBJC_WEAK = YES;
				CLANG_WARN_BLOCK_CAPTURE_AUTORELEASING = YES;
				CLANG_WARN_BOOL_CONVERSION = YES;
				CLANG_WARN_COMMA = YES;
				CLANG_WARN_CONSTANT_CONVERSION = YES;
				CLANG_WARN_DEPRECATED_OBJC_IMPLEMENTATIONS = YES;
				CLANG_WARN_DIRECT_OBJC_ISA_USAGE = YES_ERROR;
				CLANG_WARN_DOCUMENTATION_COMMENTS = YES;
				CLANG_WARN_EMPTY_BODY = YES;
				CLANG_WARN_ENUM_CONVERSION = YES;
				CLANG_WARN_INFINITE_RECURSION = YES;
				CLANG_WARN_INT_CONVERSION = YES;
				CLANG_WARN_NON_LITERAL_NULL_CONVERSION = YES;
				CLANG_WARN_OBJC_IMPLICIT_RETAIN_SELF = YES;
				CLANG_WARN_OBJC_LITERAL_CONVERSION = YES;
				CLANG_WARN_OBJC_ROOT_CLASS = YES_ERROR;
				CLANG_WARN_QUOTED_INCLUDE_IN_FRAMEWORK_HEADER = YES;
				CLANG_WARN_RANGE_LOOP_ANALYSIS = YES;
				CLANG_WARN_STRICT_PROTOTYPES = YES;
				CLANG_WARN_SUSPICIOUS_MOVE = YES;
				CLANG_WARN_UNGUARDED_AVAILABILITY = YES_AGGRESSIVE;
				CLANG_WARN_UNREACHABLE_CODE = YES;
				CLANG_WARN__DUPLICATE_METHOD_MATCH = YES;
				COPY_PHASE_STRIP = NO;
				DEBUG_INFORMATION_FORMAT = "dwarf-with-dsym";
				ENABLE_NS_ASSERTIONS = NO;
				ENABLE_STRICT_OBJC_MSGSEND = YES;
				GCC_C_LANGUAGE_STANDARD = gnu11;
				GCC_NO_COMMON_BLOCKS = YES;
				GCC_WARN_64_TO_32_BIT_CONVERSION = YES;
				GCC_WARN_ABOUT_RETURN_TYPE = YES_ERROR;
				GCC_WARN_UNDECLARED_SELECTOR = YES;
				GCC_WARN_UNINITIALIZED_AUTOS = YES_AGGRESSIVE;
				GCC_WARN_UNUSED_FUNCTION = YES;
				GCC_WARN_UNUSED_VARIABLE = YES;
				MACOSX_DEPLOYMENT_TARGET = 10.15;
				MTL_ENABLE_DEBUG_INFO = NO;
				MTL_FAST_MATH = YES;
				SDKROOT = macosx;
				SWIFT_COMPILATION_MODE = wholemodule;
				SWIFT_OPTIMIZATION_LEVEL = "-O";
			};
			name = Release;
		};
		BA1EAF802515F3BD00133C1E /* Debug */ = {
			isa = XCBuildConfiguration;
			buildSettings = {
				ASSETCATALOG_COMPILER_APPICON_NAME = AppIcon;
				CODE_SIGN_ENTITLEMENTS = pastaa/pastaa.entitlements;
				CODE_SIGN_IDENTITY = "-";
				CODE_SIGN_STYLE = Automatic;
				COMBINE_HIDPI_IMAGES = YES;
				DEVELOPMENT_ASSET_PATHS = "\"pastaa/Preview Content\"";
				ENABLE_PREVIEWS = YES;
				INFOPLIST_FILE = pastaa/Info.plist;
				LD_RUNPATH_SEARCH_PATHS = (
					"$(inherited)",
					"@executable_path/../Frameworks",
				);
				MACOSX_DEPLOYMENT_TARGET = 10.15;
				PRODUCT_BUNDLE_IDENTIFIER = com.djiffit.pastaa;
				PRODUCT_NAME = "$(TARGET_NAME)";
				SWIFT_VERSION = 5.0;
			};
			name = Debug;
		};
		BA1EAF812515F3BD00133C1E /* Release */ = {
			isa = XCBuildConfiguration;
			buildSettings = {
				ASSETCATALOG_COMPILER_APPICON_NAME = AppIcon;
				CODE_SIGN_ENTITLEMENTS = pastaa/pastaa.entitlements;
				CODE_SIGN_IDENTITY = "-";
				CODE_SIGN_STYLE = Automatic;
				COMBINE_HIDPI_IMAGES = YES;
				DEVELOPMENT_ASSET_PATHS = "\"pastaa/Preview Content\"";
				ENABLE_PREVIEWS = YES;
				INFOPLIST_FILE = pastaa/Info.plist;
				LD_RUNPATH_SEARCH_PATHS = (
					"$(inherited)",
					"@executable_path/../Frameworks",
				);
				MACOSX_DEPLOYMENT_TARGET = 10.15;
				PRODUCT_BUNDLE_IDENTIFIER = com.djiffit.pastaa;
				PRODUCT_NAME = "$(TARGET_NAME)";
				SWIFT_VERSION = 5.0;
			};
			name = Release;
		};
		BA1EAF832515F3BD00133C1E /* Debug */ = {
			isa = XCBuildConfiguration;
			buildSettings = {
				ALWAYS_EMBED_SWIFT_STANDARD_LIBRARIES = YES;
				BUNDLE_LOADER = "$(TEST_HOST)";
				CODE_SIGN_STYLE = Automatic;
				COMBINE_HIDPI_IMAGES = YES;
				INFOPLIST_FILE = pastaaTests/Info.plist;
				LD_RUNPATH_SEARCH_PATHS = (
					"$(inherited)",
					"@executable_path/../Frameworks",
					"@loader_path/../Frameworks",
				);
				MACOSX_DEPLOYMENT_TARGET = 10.15;
				PRODUCT_BUNDLE_IDENTIFIER = com.djiffit.pastaaTests;
				PRODUCT_NAME = "$(TARGET_NAME)";
				SWIFT_VERSION = 5.0;
				TEST_HOST = "$(BUILT_PRODUCTS_DIR)/pastaa.app/Contents/MacOS/pastaa";
			};
			name = Debug;
		};
		BA1EAF842515F3BD00133C1E /* Release */ = {
			isa = XCBuildConfiguration;
			buildSettings = {
				ALWAYS_EMBED_SWIFT_STANDARD_LIBRARIES = YES;
				BUNDLE_LOADER = "$(TEST_HOST)";
				CODE_SIGN_STYLE = Automatic;
				COMBINE_HIDPI_IMAGES = YES;
				INFOPLIST_FILE = pastaaTests/Info.plist;
				LD_RUNPATH_SEARCH_PATHS = (
					"$(inherited)",
					"@executable_path/../Frameworks",
					"@loader_path/../Frameworks",
				);
				MACOSX_DEPLOYMENT_TARGET = 10.15;
				PRODUCT_BUNDLE_IDENTIFIER = com.djiffit.pastaaTests;
				PRODUCT_NAME = "$(TARGET_NAME)";
				SWIFT_VERSION = 5.0;
				TEST_HOST = "$(BUILT_PRODUCTS_DIR)/pastaa.app/Contents/MacOS/pastaa";
			};
			name = Release;
		};
		BA1EAF862515F3BD00133C1E /* Debug */ = {
			isa = XCBuildConfiguration;
			buildSettings = {
				ALWAYS_EMBED_SWIFT_STANDARD_LIBRARIES = YES;
				CODE_SIGN_STYLE = Automatic;
				COMBINE_HIDPI_IMAGES = YES;
				INFOPLIST_FILE = pastaaUITests/Info.plist;
				LD_RUNPATH_SEARCH_PATHS = (
					"$(inherited)",
					"@executable_path/../Frameworks",
					"@loader_path/../Frameworks",
				);
				PRODUCT_BUNDLE_IDENTIFIER = com.djiffit.pastaaUITests;
				PRODUCT_NAME = "$(TARGET_NAME)";
				SWIFT_VERSION = 5.0;
				TEST_TARGET_NAME = pastaa;
			};
			name = Debug;
		};
		BA1EAF872515F3BD00133C1E /* Release */ = {
			isa = XCBuildConfiguration;
			buildSettings = {
				ALWAYS_EMBED_SWIFT_STANDARD_LIBRARIES = YES;
				CODE_SIGN_STYLE = Automatic;
				COMBINE_HIDPI_IMAGES = YES;
				INFOPLIST_FILE = pastaaUITests/Info.plist;
				LD_RUNPATH_SEARCH_PATHS = (
					"$(inherited)",
					"@executable_path/../Frameworks",
					"@loader_path/../Frameworks",
				);
				PRODUCT_BUNDLE_IDENTIFIER = com.djiffit.pastaaUITests;
				PRODUCT_NAME = "$(TARGET_NAME)";
				SWIFT_VERSION = 5.0;
				TEST_TARGET_NAME = pastaa;
			};
			name = Release;
		};
/* End XCBuildConfiguration section */

/* Begin XCConfigurationList section */
		BA1EAF512515F3BA00133C1E /* Build configuration list for PBXProject "pastaa" */ = {
			isa = XCConfigurationList;
			buildConfigurations = (
				BA1EAF7D2515F3BD00133C1E /* Debug */,
				BA1EAF7E2515F3BD00133C1E /* Release */,
			);
			defaultConfigurationIsVisible = 0;
			defaultConfigurationName = Release;
		};
		BA1EAF7F2515F3BD00133C1E /* Build configuration list for PBXNativeTarget "pastaa" */ = {
			isa = XCConfigurationList;
			buildConfigurations = (
				BA1EAF802515F3BD00133C1E /* Debug */,
				BA1EAF812515F3BD00133C1E /* Release */,
			);
			defaultConfigurationIsVisible = 0;
			defaultConfigurationName = Release;
		};
		BA1EAF822515F3BD00133C1E /* Build configuration list for PBXNativeTarget "pastaaTests" */ = {
			isa = XCConfigurationList;
			buildConfigurations = (
				BA1EAF832515F3BD00133C1E /* Debug */,
				BA1EAF842515F3BD00133C1E /* Release */,
			);
			defaultConfigurationIsVisible = 0;
			defaultConfigurationName = Release;
		};
		BA1EAF852515F3BD00133C1E /* Build configuration list for PBXNativeTarget "pastaaUITests" */ = {
			isa = XCConfigurationList;
			buildConfigurations = (
				BA1EAF862515F3BD00133C1E /* Debug */,
				BA1EAF872515F3BD00133C1E /* Release */,
			);
			defaultConfigurationIsVisible = 0;
			defaultConfigurationName = Release;
		};
/* End XCConfigurationList section */

/* Begin XCRemoteSwiftPackageReference section */
		BA1EAF882515F4A700133C1E /* XCRemoteSwiftPackageReference "HotKey" */ = {
			isa = XCRemoteSwiftPackageReference;
			repositoryURL = "https://github.com/soffes/HotKey";
			requirement = {
				kind = upToNextMajorVersion;
				minimumVersion = 0.1.3;
			};
		};
/* End XCRemoteSwiftPackageReference section */

/* Begin XCSwiftPackageProductDependency section */
		BA1EAF892515F4A700133C1E /* HotKey */ = {
			isa = XCSwiftPackageProductDependency;
			package = BA1EAF882515F4A700133C1E /* XCRemoteSwiftPackageReference "HotKey" */;
			productName = HotKey;
		};
/* End XCSwiftPackageProductDependency section */
	};
	rootObject = BA1EAF4E2515F3BA00133C1E /* Project object */;
}
